
Microsoft Visual Studio Solution File, Format Version 12.00
# Visual Studio Version 17
VisualStudioVersion = 17.5.33414.496
MinimumVisualStudioVersion = 10.0.40219.1
Project("{FAE04EC0-301F-11D3-BF4B-00C04F79EFBC}") = "Battleships", "Battleships\Battleships.csproj", "{DA82C6AD-7331-41FC-B14C-1E2187D4844E}"
EndProject
Global
	GlobalSection(SolutionConfigurationPlatforms) = preSolution
		Debug|Any CPU = Debug|Any CPU
		Release|Any CPU = Release|Any CPU
	EndGlobalSection
	GlobalSection(ProjectConfigurationPlatforms) = postSolution
		{DA82C6AD-7331-41FC-B14C-1E2187D4844E}.Debug|Any CPU.ActiveCfg = Debug|Any CPU
		{DA82C6AD-7331-41FC-B14C-1E2187D4844E}.Debug|Any CPU.Build.0 = Debug|Any CPU
		{DA82C6AD-7331-41FC-B14C-1E2187D4844E}.Release|Any CPU.ActiveCfg = Release|Any CPU
		{DA82C6AD-7331-41FC-B14C-1E2187D4844E}.Release|Any CPU.Build.0 = Release|Any CPU
	EndGlobalSection
	GlobalSection(SolutionProperties) = preSolution
		HideSolutionNode = FALSE
	EndGlobalSection
	GlobalSection(ExtensibilityGlobals) = postSolution
		SolutionGuid = {CBCDDEF0-812F-44B9-8065-2192E28D08B0}
	EndGlobalSection
EndGlobal
